{
  "name": "electron example app",
  "version": "1.0.0",
  "lockfileVersion": 2,
  "requires": true,
  "packages": {
    "": {
      "name": "electron example app",
      "version": "1.0.0",
      "dependencies": {
        "greenworks": "github:greenheartgames/greenworks"
      }
    },
    "node_modules/greenworks": {
      "version": "0.14.0",
      "resolved": "git+ssh://git@github.com/greenheartgames/greenworks.git#e2b48a1f5b45f793f963ea64b520a509923fc846",
      "hasInstallScript": true,
      "dependencies": {
        "nan": "^2.14.0"
      }
    },
    "node_modules/nan": {
      "version": "2.14.2",
      "resolved": "https://registry.npmjs.org/nan/-/nan-2.14.2.tgz",
      "integrity": "sha512-M2ufzIiINKCuDfBSAUr1vWQ+vuVcA9kqx8JJUsbQi6yf1uGRyb7HfpdfUr5qLXf3B/t8dPvcjhKMmlfnP47EzQ=="
    }
  },
  "dependencies": {
    "greenworks": {
      "version": "git+ssh://git@github.com/greenheartgames/greenworks.git#e2b48a1f5b45f793f963ea64b520a509923fc846",
      "from": "greenworks@github:greenheartgames/greenworks",
      "requires": {
        "nan": "^2.14.0"
      }
    },
    "nan": {
      "version": "2.14.2",
      "resolved": "https://registry.npmjs.org/nan/-/nan-2.14.2.tgz",
      "integrity": "sha512-M2ufzIiINKCuDfBSAUr1vWQ+vuVcA9kqx8JJUsbQi6yf1uGRyb7HfpdfUr5qLXf3B/t8dPvcjhKMmlfnP47EzQ=="
    }
  }
}
